
Microsoft Visual Studio Solution File, Format Version 12.00
# Visual Studio Version 16
VisualStudioVersion = 16.0.31624.102
MinimumVisualStudioVersion = 10.0.40219.1
Project("{FAE04EC0-301F-11D3-BF4B-00C04F79EFBC}") = "ASP.NET MVC", "ASP.NET MVC\ASP.NET MVC.csproj", "{74DB5481-1C2D-4C3C-B06B-5358BE905AFC}"
EndProject
Project("{FAE04EC0-301F-11D3-BF4B-00C04F79EFBC}") = "NewsPortal", "NewsPortal\NewsPortal.csproj", "{AAB30C91-5C67-4303-8A08-47CE2D505235}"
EndProject
Global
	GlobalSection(SolutionConfigurationPlatforms) = preSolution
		Debug|Any CPU = Debug|Any CPU
		Release|Any CPU = Release|Any CPU
	EndGlobalSection
	GlobalSection(ProjectConfigurationPlatforms) = postSolution
		{74DB5481-1C2D-4C3C-B06B-5358BE905AFC}.Debug|Any CPU.ActiveCfg = Debug|Any CPU
		{74DB5481-1C2D-4C3C-B06B-5358BE905AFC}.Debug|Any CPU.Build.0 = Debug|Any CPU
		{74DB5481-1C2D-4C3C-B06B-5358BE905AFC}.Release|Any CPU.ActiveCfg = Release|Any CPU
		{74DB5481-1C2D-4C3C-B06B-5358BE905AFC}.Release|Any CPU.Build.0 = Release|Any CPU
		{AAB30C91-5C67-4303-8A08-47CE2D505235}.Debug|Any CPU.ActiveCfg = Debug|Any CPU
		{AAB30C91-5C67-4303-8A08-47CE2D505235}.Debug|Any CPU.Build.0 = Debug|Any CPU
		{AAB30C91-5C67-4303-8A08-47CE2D505235}.Release|Any CPU.ActiveCfg = Release|Any CPU
		{AAB30C91-5C67-4303-8A08-47CE2D505235}.Release|Any CPU.Build.0 = Release|Any CPU
	EndGlobalSection
	GlobalSection(SolutionProperties) = preSolution
		HideSolutionNode = FALSE
	EndGlobalSection
	GlobalSection(ExtensibilityGlobals) = postSolution
		SolutionGuid = {A64AEB66-C486-41CD-BF54-F0AA3A22782F}
	EndGlobalSection
EndGlobal
